// !$*UTF8*$!
{
	archiveVersion = 1;
	classes = {
	};
	objectVersion = 46;
	objects = {
		A6B8E1FD12BCA8F8964F4BEC = {
			isa = PBXBuildFile;
			fileRef = 2109891812BC478F0CDB9A7D;
		};
		50DCAB24351692A8B401572F = {
			isa = PBXBuildFile;
			fileRef = 75AB12A16F8B066DE9F05C36;
		};
		12FDBF01B98CDAAA2FDA49DD = {
			isa = PBXBuildFile;
			fileRef = 2C7353B5AA5990118C26DC7C;
		};
		47C62BD708487A0910A770BF = {
			isa = PBXBuildFile;
			fileRef = 5E7A1A95D9FC070D63E5F211;
		};
		5E37941CF9E8544C7C3A50CA = {
			isa = PBXBuildFile;
			fileRef = 240D1CF7725F6DF3A59ED9D7;
		};
		73DD6894D5C4F97888211198 = {
			isa = PBXBuildFile;
			fileRef = CFA324A66AA9C3A5A259605D;
		};
		4A4F8245249E77C5E17826B5 = {
			isa = PBXBuildFile;
			fileRef = 8F06CEFADDF7622BC236536B;
		};
		DA78679C2E5F88229D5A5888 = {
			isa = PBXBuildFile;
			fileRef = E390728BDD3F18800344BA1F;
		};
		09685ABB50141CDF8E1FE4AE = {
			isa = PBXBuildFile;
			fileRef = 502EB72EC977690812996385;
		};
		47B084EF3D65091BDBC339A6 = {
			isa = PBXBuildFile;
			fileRef = C3871C8F2ED3AC5850C6B092;
		};
		1923E4DE400D8552693103AB = {
			isa = PBXBuildFile;
			fileRef = F12B22E4CE7EFE81F333DC92;
		};
		80C0057FBBEF4F184EF93D87 = {
			isa = PBXBuildFile;
			fileRef = D6D6E2325D409E1734D5B4F9;
		};
		523EC1DB24532C16B0BB089F = {
			isa = PBXBuildFile;
			fileRef = 73CDAB5E31E58A3CFF40826F;
		};
		D4EAA6F854DD4EE03D7DCA1C = {
			isa = PBXBuildFile;
			fileRef = A430707F913BDF92E2B17B82;
		};
		37F7DAA2EA23D8BBEAAF0A7C = {
			isa = PBXBuildFile;
			fileRef = 7BC2088A83898B7C63E5E8D8;
		};
		17AF48639179A6C37A8E4F3E = {
			isa = PBXBuildFile;
			fileRef = 7AE6948ECDF3AB9D397DD503;
		};
		43D79A2AFE23D0F2A44F2FDF = {
			isa = PBXBuildFile;
			fileRef = D409CA39FCC2FFFF28D803DF;
		};
		3B36C1D67CCBB3859A1AD449 = {
			isa = PBXBuildFile;
			fileRef = FA70AB8AA5D5597A3D2E375E;
		};
		7CBC605E0129F69249B8173D = {
			isa = PBXBuildFile;
			fileRef = 3252B220E9D9D8F8AD8BF491;
		};
		A585A54F19B927DE7DFC4080 = {
			isa = PBXBuildFile;
			fileRef = 96F7644F1CCABEBBBDD57049;
		};
		C29AEEB391F0C696889B9A1C = {
			isa = PBXBuildFile;
			fileRef = 8EC0DBF8DBEC2BA8DD1EEF9B;
		};
		98F15DFA9473F9324DC99FF0 = {
			isa = PBXBuildFile;
			fileRef = BF054F736CBC642DA956CBC3;
		};
		E44D6D9719AB0210A6A97398 = {
			isa = PBXBuildFile;
			fileRef = CB783D196705B218C25E9F72;
		};
		4C37D199B5D8449B97585201 = {
			isa = PBXBuildFile;
			fileRef = A6BC96B04E00C1F938236068;
		};
		BBB9CBD1990505C9B37C7584 = {
			isa = PBXBuildFile;
			fileRef = 23C698FAE2D711A2B7D00805;
		};
		E0790243F8D2814676598031 = {
			isa = PBXBuildFile;
			fileRef = 6438175839823A13FCC441CD;
		};
		5B5F489EE3CED96C9F366467 = {
			isa = PBXBuildFile;
			fileRef = 8C421FFE70A490AEE57F6828;
		};
		BEF54093F99A175FAEC70BD0 = {
			isa = PBXBuildFile;
			fileRef = C5EAF3F341AD9C42F5787951;
		};
		C06934FF08BA4E37B4A391E4 = {
			isa = PBXBuildFile;
			fileRef = 590AF2A4AD7862EF50D51CDA;
		};
		8FA89F7F1C0E478295F9948B = {
			isa = PBXBuildFile;
			fileRef = 395570C7B115C3D4F00FEEAE;
		};
		DCBA7788B61AE1A021B5D2E6 = {
			isa = PBXBuildFile;
			fileRef = 7BB7AA5732F4267205CA3A29;
		};
		A488697557507E0CB4BC99A1 = {
			isa = PBXBuildFile;
			fileRef = 5D0AD77F3CC373F64EBF85C2;
		};
		E6849EB31DFE1962DB98D0A3 = {
			isa = PBXBuildFile;
			fileRef = 796B189F6252742F921F2A99;
		};
		C988607D59C7BDE97A756C44 = {
			isa = PBXBuildFile;
			fileRef = 4BBE2A395545369CFCE1CDF2;
		};
		EC2141206933E7F41C1D2890 = {
			isa = PBXBuildFile;
			fileRef = 3E35C330616722BB9C5BB1F2;
		};
		04E9BF85AEA2E486A4A9A0FB = {
			isa = PBXBuildFile;
			fileRef = F3857A78C82216C1D50D8C93;
		};
		FA742A457335908D3DADF926 = {
			isa = PBXBuildFile;
			fileRef = A6BD5AFC794ED84DC3A94D88;
		};
		B201BF5525CA8B953350E323 = {
			isa = PBXBuildFile;
			fileRef = 30BE7D2F9E1BB18C46E2FE15;
		};
		088D08D1BE7CCB655E2555C0 = {
			isa = PBXFileReference;
			lastKnownFileType = file;
			name = "juce_audio_devices";
			path = "~/JUCE/modules/juce_audio_devices";
			sourceTree = "<absolute>";
		};
		10E147532FD5336D82A168D5 = {
			isa = PBXFileReference;
			lastKnownFileType = file;
			name = "juce_data_structures";
			path = "~/JUCE/modules/juce_data_structures";
			sourceTree = "<absolute>";
		};
		1A69B8A70B99DF4DC9288DB3 = {
			isa = PBXFileReference;
			lastKnownFileType = file;
			name = "juce_audio_formats";
			path = "~/JUCE/modules/juce_audio_formats";
			sourceTree = "<absolute>";
		};
		1B5828CD80A432AD1B7F2810 = {
			isa = PBXFileReference;
			lastKnownFileType = text.plist.xml;
			name = "Info-App.plist";
			path = "Info-App.plist";
			sourceTree = "SOURCE_ROOT";
		};
		2109891812BC478F0CDB9A7D = {
			isa = PBXFileReference;
			explicitFileType = wrapper.application;
			includeInIndex = 0;
			path = BLM.app;
			sourceTree = "BUILT_PRODUCTS_DIR";
		};
		239327EB1EBCA4B337DF24F1 = {
			isa = PBXFileReference;
			lastKnownFileType = sourcecode.c.h;
			name = AppConfig.h;
			path = ../../JuceLibraryCode/AppConfig.h;
			sourceTree = "SOURCE_ROOT";
		};
		23C698FAE2D711A2B7D00805 = {
			isa = PBXFileReference;
			lastKnownFileType = sourcecode.cpp.cpp;
			name = BinaryData.cpp;
			path = ../../JuceLibraryCode/BinaryData.cpp;
			sourceTree = "SOURCE_ROOT";
		};
		240D1CF7725F6DF3A59ED9D7 = {
			isa = PBXFileReference;
			lastKnownFileType = wrapper.framework;
			name = AVKit.framework;
			path = System/Library/Frameworks/AVKit.framework;
			sourceTree = SDKROOT;
		};
		2C7353B5AA5990118C26DC7C = {
			isa = PBXFileReference;
			lastKnownFileType = wrapper.framework;
			name = AudioToolbox.framework;
			path = System/Library/Frameworks/AudioToolbox.framework;
			sourceTree = SDKROOT;
		};
		2C894121739E23CE5DA73ACD = {
			isa = PBXFileReference;
			lastKnownFileType = sourcecode.c.h;
			name = UdpSocket.h;
			path = ../../Source/UdpSocket.h;
			sourceTree = "SOURCE_ROOT";
		};
		30BE7D2F9E1BB18C46E2FE15 = {
			isa = PBXFileReference;
			lastKnownFileType = sourcecode.cpp.objcpp;
			name = "include_juce_video.mm";
			path = "../../JuceLibraryCode/include_juce_video.mm";
			sourceTree = "SOURCE_ROOT";
		};
		3252B220E9D9D8F8AD8BF491 = {
			isa = PBXFileReference;
			lastKnownFileType = sourcecode.cpp.cpp;
			name = MidiClass.cpp;
			path = ../../Source/MidiClass.cpp;
			sourceTree = "SOURCE_ROOT";
		};
		395570C7B115C3D4F00FEEAE = {
			isa = PBXFileReference;
			lastKnownFileType = sourcecode.cpp.objcpp;
			name = "include_juce_core.mm";
			path = "../../JuceLibraryCode/include_juce_core.mm";
			sourceTree = "SOURCE_ROOT";
		};
		3E35C330616722BB9C5BB1F2 = {
			isa = PBXFileReference;
			lastKnownFileType = sourcecode.cpp.objcpp;
			name = "include_juce_gui_basics.mm";
			path = "../../JuceLibraryCode/include_juce_gui_basics.mm";
			sourceTree = "SOURCE_ROOT";
		};
		44BAC06B29AE77E0752334BA = {
			isa = PBXFileReference;
			lastKnownFileType = file;
			name = "juce_opengl";
			path = "~/JUCE/modules/juce_opengl";
			sourceTree = "<absolute>";
		};
		4BBE2A395545369CFCE1CDF2 = {
			isa = PBXFileReference;
			lastKnownFileType = sourcecode.cpp.objcpp;
			name = "include_juce_graphics.mm";
			path = "../../JuceLibraryCode/include_juce_graphics.mm";
			sourceTree = "SOURCE_ROOT";
		};
		4E359C0022180CFA7B50948A = {
			isa = PBXFileReference;
			lastKnownFileType = file;
			name = "juce_video";
			path = "~/JUCE/modules/juce_video";
			sourceTree = "<absolute>";
		};
		502EB72EC977690812996385 = {
			isa = PBXFileReference;
			lastKnownFileType = wrapper.framework;
			name = CoreMedia.framework;
			path = System/Library/Frameworks/CoreMedia.framework;
			sourceTree = SDKROOT;
		};
		5058DF1AE5FE36E807DF4473 = {
			isa = PBXFileReference;
			lastKnownFileType = file;
			name = "juce_audio_processors";
			path = "~/JUCE/modules/juce_audio_processors";
			sourceTree = "<absolute>";
		};
		57C01CA12A8E59CDCA381CE0 = {
			isa = PBXFileReference;
			lastKnownFileType = sourcecode.c.h;
			name = BinaryData.h;
			path = ../../JuceLibraryCode/BinaryData.h;
			sourceTree = "SOURCE_ROOT";
		};
		590AF2A4AD7862EF50D51CDA = {
			isa = PBXFileReference;
			lastKnownFileType = sourcecode.cpp.objcpp;
			name = "include_juce_audio_processors.mm";
			path = "../../JuceLibraryCode/include_juce_audio_processors.mm";
			sourceTree = "SOURCE_ROOT";
		};
		5D0AD77F3CC373F64EBF85C2 = {
			isa = PBXFileReference;
			lastKnownFileType = sourcecode.cpp.objcpp;
			name = "include_juce_data_structures.mm";
			path = "../../JuceLibraryCode/include_juce_data_structures.mm";
			sourceTree = "SOURCE_ROOT";
		};
		5E7A1A95D9FC070D63E5F211 = {
			isa = PBXFileReference;
			lastKnownFileType = wrapper.framework;
			name = AVFoundation.framework;
			path = System/Library/Frameworks/AVFoundation.framework;
			sourceTree = SDKROOT;
		};
		6438175839823A13FCC441CD = {
			isa = PBXFileReference;
			lastKnownFileType = sourcecode.cpp.objcpp;
			name = "include_juce_audio_basics.mm";
			path = "../../JuceLibraryCode/include_juce_audio_basics.mm";
			sourceTree = "SOURCE_ROOT";
		};
		656DBE02FE973F7C08F30FA3 = {
			isa = PBXFileReference;
			lastKnownFileType = file;
			name = "juce_events";
			path = "~/JUCE/modules/juce_events";
			sourceTree = "<absolute>";
		};
		6DAFB9F33B5078634704389D = {
			isa = PBXFileReference;
			lastKnownFileType = sourcecode.c.h;
			name = JuceHeader.h;
			path = ../../JuceLibraryCode/JuceHeader.h;
			sourceTree = "SOURCE_ROOT";
		};
		6EED8C6E64724BBD1D1D54E1 = {
			isa = PBXFileReference;
			lastKnownFileType = sourcecode.c.h;
			name = BlmClass.h;
			path = ../../Source/BlmClass.h;
			sourceTree = "SOURCE_ROOT";
		};
		73914C8138356994421C82BD = {
			isa = PBXFileReference;
			lastKnownFileType = sourcecode.c.h;
			name = MainComponent.h;
			path = ../../Source/MainComponent.h;
			sourceTree = "SOURCE_ROOT";
		};
		73CDAB5E31E58A3CFF40826F = {
			isa = PBXFileReference;
			lastKnownFileType = wrapper.framework;
			name = QuartzCore.framework;
			path = System/Library/Frameworks/QuartzCore.framework;
			sourceTree = SDKROOT;
		};
		75AB12A16F8B066DE9F05C36 = {
			isa = PBXFileReference;
			lastKnownFileType = wrapper.framework;
			name = Accelerate.framework;
			path = System/Library/Frameworks/Accelerate.framework;
			sourceTree = SDKROOT;
		};
		784AFF215C8AC4D5463D8C4A = {
			isa = PBXFileReference;
			lastKnownFileType = sourcecode.c.h;
			name = ExtCtrl.h;
			path = ../../Source/ExtCtrl.h;
			sourceTree = "SOURCE_ROOT";
		};
		796B189F6252742F921F2A99 = {
			isa = PBXFileReference;
			lastKnownFileType = sourcecode.cpp.objcpp;
			name = "include_juce_events.mm";
			path = "../../JuceLibraryCode/include_juce_events.mm";
			sourceTree = "SOURCE_ROOT";
		};
		7AE6948ECDF3AB9D397DD503 = {
			isa = PBXFileReference;
			lastKnownFileType = file.icns;
			name = Icon.icns;
			path = Icon.icns;
			sourceTree = "SOURCE_ROOT";
		};
		7BB7AA5732F4267205CA3A29 = {
			isa = PBXFileReference;
			lastKnownFileType = sourcecode.cpp.objcpp;
			name = "include_juce_cryptography.mm";
			path = "../../JuceLibraryCode/include_juce_cryptography.mm";
			sourceTree = "SOURCE_ROOT";
		};
		7BC2088A83898B7C63E5E8D8 = {
			isa = PBXFileReference;
			lastKnownFileType = file.nib;
			name = RecentFilesMenuTemplate.nib;
			path = RecentFilesMenuTemplate.nib;
			sourceTree = "SOURCE_ROOT";
		};
		7F460FAC445520D9167EB5D8 = {
			isa = PBXFileReference;
			lastKnownFileType = sourcecode.c.h;
			name = BlmButton.h;
			path = ../../Source/BlmButton.h;
			sourceTree = "SOURCE_ROOT";
		};
		8C421FFE70A490AEE57F6828 = {
			isa = PBXFileReference;
			lastKnownFileType = sourcecode.cpp.objcpp;
			name = "include_juce_audio_devices.mm";
			path = "../../JuceLibraryCode/include_juce_audio_devices.mm";
			sourceTree = "SOURCE_ROOT";
		};
		8EC0DBF8DBEC2BA8DD1EEF9B = {
			isa = PBXFileReference;
			lastKnownFileType = sourcecode.cpp.cpp;
			name = UdpSocket.cpp;
			path = ../../Source/UdpSocket.cpp;
			sourceTree = "SOURCE_ROOT";
		};
		8F06CEFADDF7622BC236536B = {
			isa = PBXFileReference;
			lastKnownFileType = wrapper.framework;
			name = Cocoa.framework;
			path = System/Library/Frameworks/Cocoa.framework;
			sourceTree = SDKROOT;
		};
		96F7644F1CCABEBBBDD57049 = {
			isa = PBXFileReference;
			lastKnownFileType = sourcecode.cpp.cpp;
			name = OscHelper.cpp;
			path = ../../Source/OscHelper.cpp;
			sourceTree = "SOURCE_ROOT";
		};
		A05A46E30442A7BBB86BDF89 = {
			isa = PBXFileReference;
			lastKnownFileType = file;
			name = "juce_graphics";
			path = "~/JUCE/modules/juce_graphics";
			sourceTree = "<absolute>";
		};
		A430707F913BDF92E2B17B82 = {
			isa = PBXFileReference;
			lastKnownFileType = wrapper.framework;
			name = WebKit.framework;
			path = System/Library/Frameworks/WebKit.framework;
			sourceTree = SDKROOT;
		};
		A6BC96B04E00C1F938236068 = {
			isa = PBXFileReference;
			lastKnownFileType = sourcecode.cpp.cpp;
			name = Main.cpp;
			path = ../../Source/Main.cpp;
			sourceTree = "SOURCE_ROOT";
		};
		A6BD5AFC794ED84DC3A94D88 = {
			isa = PBXFileReference;
			lastKnownFileType = sourcecode.cpp.objcpp;
			name = "include_juce_opengl.mm";
			path = "../../JuceLibraryCode/include_juce_opengl.mm";
			sourceTree = "SOURCE_ROOT";
		};
		A750B486D15E5E1D3954B31C = {
			isa = PBXFileReference;
			lastKnownFileType = file;
			name = "juce_core";
			path = "~/JUCE/modules/juce_core";
			sourceTree = "<absolute>";
		};
		AC40761880D59531DE3EC2D9 = {
			isa = PBXFileReference;
			lastKnownFileType = image.png;
			name = "blm-72.png";
			path = "../../icon/blm-72.png";
			sourceTree = "SOURCE_ROOT";
		};
		BDB60942837FC65983E73A5A = {
			isa = PBXFileReference;
			lastKnownFileType = file;
			name = "juce_gui_basics";
			path = "~/JUCE/modules/juce_gui_basics";
			sourceTree = "<absolute>";
		};
		BF054F736CBC642DA956CBC3 = {
			isa = PBXFileReference;
			lastKnownFileType = sourcecode.cpp.cpp;
			name = BlmButton.cpp;
			path = ../../Source/BlmButton.cpp;
			sourceTree = "SOURCE_ROOT";
		};
		C2189A1A989A21CE6DE07FE5 = {
			isa = PBXFileReference;
			lastKnownFileType = image.png;
			name = Leds.png;
			path = ../../Source/bitmaps/Leds.png;
			sourceTree = "SOURCE_ROOT";
		};
		C3871C8F2ED3AC5850C6B092 = {
			isa = PBXFileReference;
			lastKnownFileType = wrapper.framework;
			name = CoreMIDI.framework;
			path = System/Library/Frameworks/CoreMIDI.framework;
			sourceTree = SDKROOT;
		};
		C5EAF3F341AD9C42F5787951 = {
			isa = PBXFileReference;
			lastKnownFileType = sourcecode.cpp.objcpp;
			name = "include_juce_audio_formats.mm";
			path = "../../JuceLibraryCode/include_juce_audio_formats.mm";
			sourceTree = "SOURCE_ROOT";
		};
		CB783D196705B218C25E9F72 = {
			isa = PBXFileReference;
			lastKnownFileType = sourcecode.cpp.cpp;
			name = BlmClass.cpp;
			path = ../../Source/BlmClass.cpp;
			sourceTree = "SOURCE_ROOT";
		};
		CC3F85FB3B46E31EACC96D82 = {
			isa = PBXFileReference;
			lastKnownFileType = image.png;
			name = "blm-128.png";
			path = "../../icon/blm-128.png";
			sourceTree = "SOURCE_ROOT";
		};
		CE6DB262370C5EF8DFA6BE2F = {
			isa = PBXFileReference;
			lastKnownFileType = file;
			name = "juce_cryptography";
			path = "~/JUCE/modules/juce_cryptography";
			sourceTree = "<absolute>";
		};
		CFA324A66AA9C3A5A259605D = {
			isa = PBXFileReference;
			lastKnownFileType = wrapper.framework;
			name = Carbon.framework;
			path = System/Library/Frameworks/Carbon.framework;
			sourceTree = SDKROOT;
		};
		D409CA39FCC2FFFF28D803DF = {
			isa = PBXFileReference;
			lastKnownFileType = sourcecode.cpp.cpp;
			name = ExtCtrl.cpp;
			path = ../../Source/ExtCtrl.cpp;
			sourceTree = "SOURCE_ROOT";
		};
		D6D6E2325D409E1734D5B4F9 = {
			isa = PBXFileReference;
			lastKnownFileType = wrapper.framework;
			name = OpenGL.framework;
			path = System/Library/Frameworks/OpenGL.framework;
			sourceTree = SDKROOT;
		};
		E3680E69F19877488262D7D4 = {
			isa = PBXFileReference;
			lastKnownFileType = sourcecode.c.h;
			name = OscHelper.h;
			path = ../../Source/OscHelper.h;
			sourceTree = "SOURCE_ROOT";
		};
		E390728BDD3F18800344BA1F = {
			isa = PBXFileReference;
			lastKnownFileType = wrapper.framework;
			name = CoreAudio.framework;
			path = System/Library/Frameworks/CoreAudio.framework;
			sourceTree = SDKROOT;
		};
		E97E89E5CBF79BA7CCF83F87 = {
			isa = PBXFileReference;
			lastKnownFileType = sourcecode.c.h;
			name = MidiClass.h;
			path = ../../Source/MidiClass.h;
			sourceTree = "SOURCE_ROOT";
		};
		EBC23153853FE5E60645F222 = {
			isa = PBXFileReference;
			lastKnownFileType = file;
			name = "juce_gui_extra";
			path = "~/JUCE/modules/juce_gui_extra";
			sourceTree = "<absolute>";
		};
		ECBFF0CC41FF0302F39A0037 = {
			isa = PBXFileReference;
			lastKnownFileType = file;
			name = "juce_audio_basics";
			path = "~/JUCE/modules/juce_audio_basics";
			sourceTree = "<absolute>";
		};
		F12B22E4CE7EFE81F333DC92 = {
			isa = PBXFileReference;
			lastKnownFileType = wrapper.framework;
			name = IOKit.framework;
			path = System/Library/Frameworks/IOKit.framework;
			sourceTree = SDKROOT;
		};
		F3857A78C82216C1D50D8C93 = {
			isa = PBXFileReference;
			lastKnownFileType = sourcecode.cpp.objcpp;
			name = "include_juce_gui_extra.mm";
			path = "../../JuceLibraryCode/include_juce_gui_extra.mm";
			sourceTree = "SOURCE_ROOT";
		};
		FA70AB8AA5D5597A3D2E375E = {
			isa = PBXFileReference;
			lastKnownFileType = sourcecode.cpp.cpp;
			name = MainComponent.cpp;
			path = ../../Source/MainComponent.cpp;
			sourceTree = "SOURCE_ROOT";
		};
		336237DD9F93064EEEABDC8B = {
			isa = PBXGroup;
			children = (
				C2189A1A989A21CE6DE07FE5,
			);
			name = bitmaps;
			sourceTree = "<group>";
		};
		D87E87E4BF5A667654AFBE72 = {
			isa = PBXGroup;
			children = (
				D409CA39FCC2FFFF28D803DF,
				784AFF215C8AC4D5463D8C4A,
				336237DD9F93064EEEABDC8B,
				FA70AB8AA5D5597A3D2E375E,
				73914C8138356994421C82BD,
				3252B220E9D9D8F8AD8BF491,
				E97E89E5CBF79BA7CCF83F87,
				96F7644F1CCABEBBBDD57049,
				E3680E69F19877488262D7D4,
				8EC0DBF8DBEC2BA8DD1EEF9B,
				2C894121739E23CE5DA73ACD,
				BF054F736CBC642DA956CBC3,
				7F460FAC445520D9167EB5D8,
				CB783D196705B218C25E9F72,
				6EED8C6E64724BBD1D1D54E1,
				A6BC96B04E00C1F938236068,
			);
			name = Source;
			sourceTree = "<group>";
		};
		A77B85FDACF112369AEE98FF = {
			isa = PBXGroup;
			children = (
				D87E87E4BF5A667654AFBE72,
				AC40761880D59531DE3EC2D9,
				CC3F85FB3B46E31EACC96D82,
			);
			name = BLM;
			sourceTree = "<group>";
		};
		D116F9E0279C0D7E60FA991A = {
			isa = PBXGroup;
			children = (
				A750B486D15E5E1D3954B31C,
				A05A46E30442A7BBB86BDF89,
				10E147532FD5336D82A168D5,
				BDB60942837FC65983E73A5A,
				EBC23153853FE5E60645F222,
				ECBFF0CC41FF0302F39A0037,
				656DBE02FE973F7C08F30FA3,
				1A69B8A70B99DF4DC9288DB3,
				088D08D1BE7CCB655E2555C0,
				CE6DB262370C5EF8DFA6BE2F,
				5058DF1AE5FE36E807DF4473,
				44BAC06B29AE77E0752334BA,
				4E359C0022180CFA7B50948A,
			);
			name = "JUCE Modules";
			sourceTree = "<group>";
		};
		E72980FB4DE2013BD03F1CBD = {
			isa = PBXGroup;
			children = (
				239327EB1EBCA4B337DF24F1,
				23C698FAE2D711A2B7D00805,
				57C01CA12A8E59CDCA381CE0,
				6438175839823A13FCC441CD,
				8C421FFE70A490AEE57F6828,
				C5EAF3F341AD9C42F5787951,
				590AF2A4AD7862EF50D51CDA,
				395570C7B115C3D4F00FEEAE,
				7BB7AA5732F4267205CA3A29,
				5D0AD77F3CC373F64EBF85C2,
				796B189F6252742F921F2A99,
				4BBE2A395545369CFCE1CDF2,
				3E35C330616722BB9C5BB1F2,
				F3857A78C82216C1D50D8C93,
				A6BD5AFC794ED84DC3A94D88,
				30BE7D2F9E1BB18C46E2FE15,
				6DAFB9F33B5078634704389D,
			);
			name = "JUCE Library Code";
			sourceTree = "<group>";
		};
		44300F742BD4C29B87CD19FE = {
			isa = PBXGroup;
			children = (
				1B5828CD80A432AD1B7F2810,
				7BC2088A83898B7C63E5E8D8,
				7AE6948ECDF3AB9D397DD503,
			);
			name = Resources;
			sourceTree = "<group>";
		};
		04DD9DA0F8085B0A28B92EED = {
			isa = PBXGroup;
			children = (
				75AB12A16F8B066DE9F05C36,
				2C7353B5AA5990118C26DC7C,
				5E7A1A95D9FC070D63E5F211,
				240D1CF7725F6DF3A59ED9D7,
				CFA324A66AA9C3A5A259605D,
				8F06CEFADDF7622BC236536B,
				E390728BDD3F18800344BA1F,
				502EB72EC977690812996385,
				C3871C8F2ED3AC5850C6B092,
				F12B22E4CE7EFE81F333DC92,
				D6D6E2325D409E1734D5B4F9,
				73CDAB5E31E58A3CFF40826F,
				A430707F913BDF92E2B17B82,
			);
			name = Frameworks;
			sourceTree = "<group>";
		};
		5A1CCF56C3E04126C5BCDC24 = {
			isa = PBXGroup;
			children = (
				2109891812BC478F0CDB9A7D,
			);
			name = Products;
			sourceTree = "<group>";
		};
		85B035AEF0D6F6FC164AF0EB = {
			isa = PBXGroup;
			children = (
				A77B85FDACF112369AEE98FF,
				D116F9E0279C0D7E60FA991A,
				E72980FB4DE2013BD03F1CBD,
				44300F742BD4C29B87CD19FE,
				04DD9DA0F8085B0A28B92EED,
				5A1CCF56C3E04126C5BCDC24,
			);
			name = Source;
			sourceTree = "<group>";
		};
		0302614324BC6382A18127D3 = {
			isa = XCBuildConfiguration;
			buildSettings = {
				CLANG_CXX_LANGUAGE_STANDARD = "c++14";
				CLANG_CXX_LIBRARY = "libc++";
				CLANG_LINK_OBJC_RUNTIME = NO;
				COMBINE_HIDPI_IMAGES = YES;
				CONFIGURATION_BUILD_DIR = "$(PROJECT_DIR)/build/$(CONFIGURATION)";
				COPY_PHASE_STRIP = NO;
				GCC_DYNAMIC_NO_PIC = NO;
				GCC_OPTIMIZATION_LEVEL = 0;
				GCC_PREPROCESSOR_DEFINITIONS = (
					"_DEBUG=1",
					"DEBUG=1",
					"JUCER_XCODE_MAC_F6D2F4CF=1",
					"JUCE_APP_VERSION=1.0.0",
					"JUCE_APP_VERSION_HEX=0x10000",
					"JucePlugin_Build_VST=0",
					"JucePlugin_Build_VST3=0",
					"JucePlugin_Build_AU=0",
					"JucePlugin_Build_AUv3=0",
					"JucePlugin_Build_RTAS=0",
					"JucePlugin_Build_AAX=0",
					"JucePlugin_Build_Standalone=0",
					"JucePlugin_Build_Unity=0",
				);
				GCC_VERSION = com.apple.compilers.llvm.clang.1_0;
				HEADER_SEARCH_PATHS = (
					"../../JuceLibraryCode",
					"$(HOME)/JUCE/modules",
					"$(inherited)",
				);
				INFOPLIST_FILE = Info-App.plist;
				INFOPLIST_PREPROCESS = NO;
				INSTALL_PATH = "$(HOME)/Applications";
				MACOSX_DEPLOYMENT_TARGET = 10.8;
				PRODUCT_BUNDLE_IDENTIFIER = org.midibox.BLM;
				PRODUCT_NAME = "BLM";
				USE_HEADERMAP = NO;
			};
			name = Debug;
		};
		8C18D46E2CB07C85D165F79C = {
			isa = XCBuildConfiguration;
			buildSettings = {
				CLANG_CXX_LANGUAGE_STANDARD = "c++14";
				CLANG_CXX_LIBRARY = "libc++";
				CLANG_LINK_OBJC_RUNTIME = NO;
				COMBINE_HIDPI_IMAGES = YES;
				CONFIGURATION_BUILD_DIR = "$(PROJECT_DIR)/build/$(CONFIGURATION)";
				DEAD_CODE_STRIPPING = YES;
				GCC_GENERATE_DEBUGGING_SYMBOLS = NO;
				GCC_OPTIMIZATION_LEVEL = s;
				GCC_PREPROCESSOR_DEFINITIONS = (
					"_NDEBUG=1",
					"NDEBUG=1",
					"JUCER_XCODE_MAC_F6D2F4CF=1",
					"JUCE_APP_VERSION=1.0.0",
					"JUCE_APP_VERSION_HEX=0x10000",
					"JucePlugin_Build_VST=0",
					"JucePlugin_Build_VST3=0",
					"JucePlugin_Build_AU=0",
					"JucePlugin_Build_AUv3=0",
					"JucePlugin_Build_RTAS=0",
					"JucePlugin_Build_AAX=0",
					"JucePlugin_Build_Standalone=0",
					"JucePlugin_Build_Unity=0",
				);
				GCC_SYMBOLS_PRIVATE_EXTERN = YES;
				GCC_VERSION = com.apple.compilers.llvm.clang.1_0;
				HEADER_SEARCH_PATHS = (
					"../../JuceLibraryCode",
					"$(HOME)/JUCE/modules",
					"$(inherited)",
				);
				INFOPLIST_FILE = Info-App.plist;
				INFOPLIST_PREPROCESS = NO;
				INSTALL_PATH = "$(HOME)/Applications";
				LLVM_LTO = YES;
				MACOSX_DEPLOYMENT_TARGET = 10.8;
				PRODUCT_BUNDLE_IDENTIFIER = org.midibox.BLM;
				PRODUCT_NAME = "BLM";
				USE_HEADERMAP = NO;
			};
			name = Release;
		};
		DE7834A4CE439375BF3892F4 = {
			isa = XCBuildConfiguration;
			buildSettings = {
				ALWAYS_SEARCH_USER_PATHS = NO;
				CLANG_ENABLE_OBJC_WEAK = YES;
				CLANG_WARN_BLOCK_CAPTURE_AUTORELEASING = YES;
				CLANG_WARN_BOOL_CONVERSION = YES;
				CLANG_WARN_COMMA = YES;
				CLANG_WARN_CONSTANT_CONVERSION = YES;
				CLANG_WARN_DEPRECATED_OBJC_IMPLEMENTATIONS = YES;
				CLANG_WARN_EMPTY_BODY = YES;
				CLANG_WARN_ENUM_CONVERSION = YES;
				CLANG_WARN_INFINITE_RECURSION = YES;
				CLANG_WARN_INT_CONVERSION = YES;
				CLANG_WARN_NON_LITERAL_NULL_CONVERSION = YES;
				CLANG_WARN_OBJC_IMPLICIT_RETAIN_SELF = YES;
				CLANG_WARN_OBJC_LITERAL_CONVERSION = YES;
				CLANG_WARN_RANGE_LOOP_ANALYSIS = YES;
				CLANG_WARN_STRICT_PROTOTYPES = YES;
				CLANG_WARN_SUSPICIOUS_MOVE = YES;
				CLANG_WARN_UNREACHABLE_CODE = YES;
				CLANG_WARN__DUPLICATE_METHOD_MATCH = YES;
				DEBUG_INFORMATION_FORMAT = dwarf;
				ENABLE_STRICT_OBJC_MSGSEND = YES;
				ENABLE_TESTABILITY = YES;
				GCC_C_LANGUAGE_STANDARD = c11;
				GCC_INLINES_ARE_PRIVATE_EXTERN = YES;
				GCC_MODEL_TUNING = G5;
				GCC_NO_COMMON_BLOCKS = YES;
				GCC_WARN_64_TO_32_BIT_CONVERSION = YES;
				GCC_WARN_ABOUT_RETURN_TYPE = YES;
				GCC_WARN_CHECK_SWITCH_STATEMENTS = YES;
				GCC_WARN_MISSING_PARENTHESES = YES;
				GCC_WARN_NON_VIRTUAL_DESTRUCTOR = YES;
				GCC_WARN_TYPECHECK_CALLS_TO_PRINTF = YES;
				GCC_WARN_UNDECLARED_SELECTOR = YES;
				GCC_WARN_UNINITIALIZED_AUTOS = YES;
				GCC_WARN_UNUSED_FUNCTION = YES;
				GCC_WARN_UNUSED_VARIABLE = YES;
				ONLY_ACTIVE_ARCH = YES;
				PRODUCT_NAME = "BLM";
				WARNING_CFLAGS = "-Wreorder";
				ZERO_LINK = NO;
			};
			name = Debug;
		};
		F3724E80F96E70E23BBA900E = {
			isa = XCBuildConfiguration;
			buildSettings = {
				ALWAYS_SEARCH_USER_PATHS = NO;
				CLANG_ENABLE_OBJC_WEAK = YES;
				CLANG_WARN_BLOCK_CAPTURE_AUTORELEASING = YES;
				CLANG_WARN_BOOL_CONVERSION = YES;
				CLANG_WARN_COMMA = YES;
				CLANG_WARN_CONSTANT_CONVERSION = YES;
				CLANG_WARN_DEPRECATED_OBJC_IMPLEMENTATIONS = YES;
				CLANG_WARN_EMPTY_BODY = YES;
				CLANG_WARN_ENUM_CONVERSION = YES;
				CLANG_WARN_INFINITE_RECURSION = YES;
				CLANG_WARN_INT_CONVERSION = YES;
				CLANG_WARN_NON_LITERAL_NULL_CONVERSION = YES;
				CLANG_WARN_OBJC_IMPLICIT_RETAIN_SELF = YES;
				CLANG_WARN_OBJC_LITERAL_CONVERSION = YES;
				CLANG_WARN_RANGE_LOOP_ANALYSIS = YES;
				CLANG_WARN_STRICT_PROTOTYPES = YES;
				CLANG_WARN_SUSPICIOUS_MOVE = YES;
				CLANG_WARN_UNREACHABLE_CODE = YES;
				CLANG_WARN__DUPLICATE_METHOD_MATCH = YES;
				DEBUG_INFORMATION_FORMAT = dwarf;
				ENABLE_STRICT_OBJC_MSGSEND = YES;
				GCC_C_LANGUAGE_STANDARD = c11;
				GCC_INLINES_ARE_PRIVATE_EXTERN = YES;
				GCC_MODEL_TUNING = G5;
				GCC_NO_COMMON_BLOCKS = YES;
				GCC_WARN_64_TO_32_BIT_CONVERSION = YES;
				GCC_WARN_ABOUT_RETURN_TYPE = YES;
				GCC_WARN_CHECK_SWITCH_STATEMENTS = YES;
				GCC_WARN_MISSING_PARENTHESES = YES;
				GCC_WARN_NON_VIRTUAL_DESTRUCTOR = YES;
				GCC_WARN_TYPECHECK_CALLS_TO_PRINTF = YES;
				GCC_WARN_UNDECLARED_SELECTOR = YES;
				GCC_WARN_UNINITIALIZED_AUTOS = YES;
				GCC_WARN_UNUSED_FUNCTION = YES;
				GCC_WARN_UNUSED_VARIABLE = YES;
				PRODUCT_NAME = "BLM";
				WARNING_CFLAGS = "-Wreorder";
				ZERO_LINK = NO;
			};
			name = Release;
		};
		E1929B2D2B9401ECB9D8459E = {
			isa = PBXTargetDependency;
			target = 4895056F7AA163611D2E4ED0;
		};
		89954EF5361A44E052247166 = {
			isa = XCConfigurationList;
			buildConfigurations = (
				DE7834A4CE439375BF3892F4,
				F3724E80F96E70E23BBA900E,
			);
			defaultConfigurationIsVisible = 0;
			defaultConfigurationName = Debug;
		};
		B3A49EDA35EC6FE5C638C2B4 = {
			isa = XCConfigurationList;
			buildConfigurations = (
				0302614324BC6382A18127D3,
				8C18D46E2CB07C85D165F79C,
			);
			defaultConfigurationIsVisible = 0;
			defaultConfigurationName = Debug;
		};
		A9D77C1D4D7F5177C02D5C59 = {
			isa = PBXResourcesBuildPhase;
			buildActionMask = 2147483647;
			files = (
				37F7DAA2EA23D8BBEAAF0A7C,
				17AF48639179A6C37A8E4F3E,
			);
			runOnlyForDeploymentPostprocessing = 0;
		};
		B1005BFB1C5E30534FFBB966 = {
			isa = PBXSourcesBuildPhase;
			buildActionMask = 2147483647;
			files = (
				43D79A2AFE23D0F2A44F2FDF,
				3B36C1D67CCBB3859A1AD449,
				7CBC605E0129F69249B8173D,
				A585A54F19B927DE7DFC4080,
				C29AEEB391F0C696889B9A1C,
				98F15DFA9473F9324DC99FF0,
				E44D6D9719AB0210A6A97398,
				4C37D199B5D8449B97585201,
				BBB9CBD1990505C9B37C7584,
				E0790243F8D2814676598031,
				5B5F489EE3CED96C9F366467,
				BEF54093F99A175FAEC70BD0,
				C06934FF08BA4E37B4A391E4,
				8FA89F7F1C0E478295F9948B,
				DCBA7788B61AE1A021B5D2E6,
				A488697557507E0CB4BC99A1,
				E6849EB31DFE1962DB98D0A3,
				C988607D59C7BDE97A756C44,
				EC2141206933E7F41C1D2890,
				04E9BF85AEA2E486A4A9A0FB,
				FA742A457335908D3DADF926,
				B201BF5525CA8B953350E323,
			);
			runOnlyForDeploymentPostprocessing = 0;
		};
		C7A28D1019C0B6ACAAE68F00 = {
			isa = PBXFrameworksBuildPhase;
			buildActionMask = 2147483647;
			files = (
				50DCAB24351692A8B401572F,
				12FDBF01B98CDAAA2FDA49DD,
				47C62BD708487A0910A770BF,
				5E37941CF9E8544C7C3A50CA,
				73DD6894D5C4F97888211198,
				4A4F8245249E77C5E17826B5,
				DA78679C2E5F88229D5A5888,
				09685ABB50141CDF8E1FE4AE,
				47B084EF3D65091BDBC339A6,
				1923E4DE400D8552693103AB,
				80C0057FBBEF4F184EF93D87,
				523EC1DB24532C16B0BB089F,
				D4EAA6F854DD4EE03D7DCA1C,
			);
			runOnlyForDeploymentPostprocessing = 0;
		};
		4895056F7AA163611D2E4ED0 = {
			isa = PBXNativeTarget;
			buildConfigurationList = B3A49EDA35EC6FE5C638C2B4;
			buildPhases = (
				A9D77C1D4D7F5177C02D5C59,
				B1005BFB1C5E30534FFBB966,
				C7A28D1019C0B6ACAAE68F00,
			);
			buildRules = ( );
			dependencies = ( );
			name = "BLM - App";
			productName = BLM;
			productReference = 2109891812BC478F0CDB9A7D;
			productType = "com.apple.product-type.application";
		};
		60BAEF1935B38D663F3DCC2D = {
			isa = PBXProject;
			buildConfigurationList = 89954EF5361A44E052247166;
			attributes = { LastUpgradeCheck = 0930; ORGANIZATIONNAME = "midibox.org"; TargetAttributes = { 4895056F7AA163611D2E4ED0 = { SystemCapabilities = {com.apple.ApplicationGroups.iOS = { enabled = 0; }; com.apple.InAppPurchase = { enabled = 0; }; com.apple.InterAppAudio = { enabled = 0; }; com.apple.Push = { enabled = 0; }; com.apple.Sandbox = { enabled = 0; }; com.apple.HardenedRuntime = { enabled = 0; }; }; }; }; };
			compatibilityVersion = "Xcode 3.2";
			hasScannedForEncodings = 0;
			mainGroup = 85B035AEF0D6F6FC164AF0EB;
			projectDirPath = "";
			projectRoot = "";
			targets = (4895056F7AA163611D2E4ED0);
			knownRegions = (en, Base);
		};
	};
	rootObject = 60BAEF1935B38D663F3DCC2D;
}
